
Microsoft Visual Studio Solution File, Format Version 12.00
# Visual Studio 15
VisualStudioVersion = 15.0.28307.1622
MinimumVisualStudioVersion = 10.0.40219.1
Project("{FAE04EC0-301F-11D3-BF4B-00C04F79EFBC}") = "HRMSApplication", "HRMSApplication\HRMSApplication.csproj", "{2CFB13D0-9ADF-4157-88CC-A5B67748AEC9}"
EndProject
Global
	GlobalSection(SolutionConfigurationPlatforms) = preSolution
		Debug|Any CPU = Debug|Any CPU
		Release|Any CPU = Release|Any CPU
	EndGlobalSection
	GlobalSection(ProjectConfigurationPlatforms) = postSolution
		{2CFB13D0-9ADF-4157-88CC-A5B67748AEC9}.Debug|Any CPU.ActiveCfg = Debug|Any CPU
		{2CFB13D0-9ADF-4157-88CC-A5B67748AEC9}.Debug|Any CPU.Build.0 = Debug|Any CPU
		{2CFB13D0-9ADF-4157-88CC-A5B67748AEC9}.Release|Any CPU.ActiveCfg = Release|Any CPU
		{2CFB13D0-9ADF-4157-88CC-A5B67748AEC9}.Release|Any CPU.Build.0 = Release|Any CPU
	EndGlobalSection
	GlobalSection(SolutionProperties) = preSolution
		HideSolutionNode = FALSE
	EndGlobalSection
	GlobalSection(ExtensibilityGlobals) = postSolution
		SolutionGuid = {AE65D097-4D7C-4B47-B643-B72525D153BD}
	EndGlobalSection
EndGlobal
